
Microsoft Visual Studio Solution File, Format Version 12.00
Project("{FAE04EC0-301F-11D3-BF4B-00C04F79EFBC}") = "SupportTicketWebApi", "SupportTicketWebApi\SupportTicketWebApi.csproj", "{5C43FE86-5D88-4373-88BA-D561FBF69F7A}"
EndProject
Project("{FAE04EC0-301F-11D3-BF4B-00C04F79EFBC}") = "Infrastructure", "Infrastructure\Infrastructure.csproj", "{3D423863-7E49-4193-B7F8-51B9817B312B}"
EndProject
Project("{2150E333-8FDC-42A3-9474-1A3956D46DE8}") = "Solution Items", "Solution Items", "{F3A1E35A-2FB7-41F7-984F-D343C77EAD2F}"
	ProjectSection(SolutionItems) = preProject
		docker-compose.yml = docker-compose.yml
	EndProjectSection
EndProject
Project("{FAE04EC0-301F-11D3-BF4B-00C04F79EFBC}") = "APIGateway", "APIGateway\APIGateway.csproj", "{2FC82823-1A1A-446C-840C-843326D5339B}"
EndProject
Global
	GlobalSection(SolutionConfigurationPlatforms) = preSolution
		Debug|Any CPU = Debug|Any CPU
		Release|Any CPU = Release|Any CPU
	EndGlobalSection
	GlobalSection(ProjectConfigurationPlatforms) = postSolution
		{5C43FE86-5D88-4373-88BA-D561FBF69F7A}.Debug|Any CPU.ActiveCfg = Debug|Any CPU
		{5C43FE86-5D88-4373-88BA-D561FBF69F7A}.Debug|Any CPU.Build.0 = Debug|Any CPU
		{5C43FE86-5D88-4373-88BA-D561FBF69F7A}.Release|Any CPU.ActiveCfg = Release|Any CPU
		{5C43FE86-5D88-4373-88BA-D561FBF69F7A}.Release|Any CPU.Build.0 = Release|Any CPU
		{3D423863-7E49-4193-B7F8-51B9817B312B}.Debug|Any CPU.ActiveCfg = Debug|Any CPU
		{3D423863-7E49-4193-B7F8-51B9817B312B}.Debug|Any CPU.Build.0 = Debug|Any CPU
		{3D423863-7E49-4193-B7F8-51B9817B312B}.Release|Any CPU.ActiveCfg = Release|Any CPU
		{3D423863-7E49-4193-B7F8-51B9817B312B}.Release|Any CPU.Build.0 = Release|Any CPU
		{2FC82823-1A1A-446C-840C-843326D5339B}.Debug|Any CPU.ActiveCfg = Debug|Any CPU
		{2FC82823-1A1A-446C-840C-843326D5339B}.Debug|Any CPU.Build.0 = Debug|Any CPU
		{2FC82823-1A1A-446C-840C-843326D5339B}.Release|Any CPU.ActiveCfg = Release|Any CPU
		{2FC82823-1A1A-446C-840C-843326D5339B}.Release|Any CPU.Build.0 = Release|Any CPU
	EndGlobalSection
EndGlobal
