
Microsoft Visual Studio Solution File, Format Version 12.00
Project("{FAE04EC0-301F-11D3-BF4B-00C04F79EFBC}") = "SupportTickets.Api", "SupportTickets.Api\SupportTickets.Api.csproj", "{5C43FE86-5D88-4373-88BA-D561FBF69F7A}"
EndProject
Project("{FAE04EC0-301F-11D3-BF4B-00C04F79EFBC}") = "Infrastructure", "Infrastructure\Infrastructure.csproj", "{3D423863-7E49-4193-B7F8-51B9817B312B}"
EndProject
Project("{2150E333-8FDC-42A3-9474-1A3956D46DE8}") = "Solution Items", "Solution Items", "{F3A1E35A-2FB7-41F7-984F-D343C77EAD2F}"
	ProjectSection(SolutionItems) = preProject
		docker-compose.yml = docker-compose.yml
	EndProjectSection
EndProject
Project("{FAE04EC0-301F-11D3-BF4B-00C04F79EFBC}") = "Users.Api", "Users.Api\Users.Api.csproj", "{A0A73246-B25F-44C7-B74E-62B47D3A355C}"
EndProject
Project("{FAE04EC0-301F-11D3-BF4B-00C04F79EFBC}") = "Authentication.Api", "Authentication.Api\Authentication.Api.csproj", "{3921292F-3DF6-4B68-866B-399915FB8ACF}"
EndProject
Project("{FAE04EC0-301F-11D3-BF4B-00C04F79EFBC}") = "Infrastructure.Authentication", "Infrastructure.Authentication\Infrastructure.Authentication.csproj", "{CDB5ECA8-9D66-4541-B0B5-CA19E66A4F33}"
EndProject
Project("{FAE04EC0-301F-11D3-BF4B-00C04F79EFBC}") = "Notification.Api", "Notification.Api\Notification.Api.csproj", "{6A366BE4-DF4F-4037-A75B-B6E292546D3E}"
EndProject
Project("{FAE04EC0-301F-11D3-BF4B-00C04F79EFBC}") = "Gateway.Api", "Gateway.Api\Gateway.Api.csproj", "{A9F3AF31-FF29-4210-9DD0-997679061AEB}"
EndProject
Project("{FAE04EC0-301F-11D3-BF4B-00C04F79EFBC}") = "SupportTickets.Tests", "SupportTickets.Tests\SupportTickets.Tests.csproj", "{7181D94D-3C51-4F3B-9B21-DAA1073F5EF3}"
EndProject
Project("{FAE04EC0-301F-11D3-BF4B-00C04F79EFBC}") = "Resources.Api", "Resources.Api\Resources.Api.csproj", "{40A3AFD7-680D-42E3-BE78-B2E3C90305D4}"
EndProject
Global
	GlobalSection(SolutionConfigurationPlatforms) = preSolution
		Debug|Any CPU = Debug|Any CPU
		Release|Any CPU = Release|Any CPU
	EndGlobalSection
	GlobalSection(ProjectConfigurationPlatforms) = postSolution
		{5C43FE86-5D88-4373-88BA-D561FBF69F7A}.Debug|Any CPU.ActiveCfg = Debug|Any CPU
		{5C43FE86-5D88-4373-88BA-D561FBF69F7A}.Debug|Any CPU.Build.0 = Debug|Any CPU
		{5C43FE86-5D88-4373-88BA-D561FBF69F7A}.Release|Any CPU.ActiveCfg = Release|Any CPU
		{5C43FE86-5D88-4373-88BA-D561FBF69F7A}.Release|Any CPU.Build.0 = Release|Any CPU
		{3D423863-7E49-4193-B7F8-51B9817B312B}.Debug|Any CPU.ActiveCfg = Debug|Any CPU
		{3D423863-7E49-4193-B7F8-51B9817B312B}.Debug|Any CPU.Build.0 = Debug|Any CPU
		{3D423863-7E49-4193-B7F8-51B9817B312B}.Release|Any CPU.ActiveCfg = Release|Any CPU
		{3D423863-7E49-4193-B7F8-51B9817B312B}.Release|Any CPU.Build.0 = Release|Any CPU
		{A0A73246-B25F-44C7-B74E-62B47D3A355C}.Debug|Any CPU.ActiveCfg = Debug|Any CPU
		{A0A73246-B25F-44C7-B74E-62B47D3A355C}.Debug|Any CPU.Build.0 = Debug|Any CPU
		{A0A73246-B25F-44C7-B74E-62B47D3A355C}.Release|Any CPU.ActiveCfg = Release|Any CPU
		{A0A73246-B25F-44C7-B74E-62B47D3A355C}.Release|Any CPU.Build.0 = Release|Any CPU
		{3921292F-3DF6-4B68-866B-399915FB8ACF}.Debug|Any CPU.ActiveCfg = Debug|Any CPU
		{3921292F-3DF6-4B68-866B-399915FB8ACF}.Debug|Any CPU.Build.0 = Debug|Any CPU
		{3921292F-3DF6-4B68-866B-399915FB8ACF}.Release|Any CPU.ActiveCfg = Release|Any CPU
		{3921292F-3DF6-4B68-866B-399915FB8ACF}.Release|Any CPU.Build.0 = Release|Any CPU
		{CDB5ECA8-9D66-4541-B0B5-CA19E66A4F33}.Debug|Any CPU.ActiveCfg = Debug|Any CPU
		{CDB5ECA8-9D66-4541-B0B5-CA19E66A4F33}.Debug|Any CPU.Build.0 = Debug|Any CPU
		{CDB5ECA8-9D66-4541-B0B5-CA19E66A4F33}.Release|Any CPU.ActiveCfg = Release|Any CPU
		{CDB5ECA8-9D66-4541-B0B5-CA19E66A4F33}.Release|Any CPU.Build.0 = Release|Any CPU
		{6A366BE4-DF4F-4037-A75B-B6E292546D3E}.Debug|Any CPU.ActiveCfg = Debug|Any CPU
		{6A366BE4-DF4F-4037-A75B-B6E292546D3E}.Debug|Any CPU.Build.0 = Debug|Any CPU
		{6A366BE4-DF4F-4037-A75B-B6E292546D3E}.Release|Any CPU.ActiveCfg = Release|Any CPU
		{6A366BE4-DF4F-4037-A75B-B6E292546D3E}.Release|Any CPU.Build.0 = Release|Any CPU
		{A9F3AF31-FF29-4210-9DD0-997679061AEB}.Debug|Any CPU.ActiveCfg = Debug|Any CPU
		{A9F3AF31-FF29-4210-9DD0-997679061AEB}.Debug|Any CPU.Build.0 = Debug|Any CPU
		{A9F3AF31-FF29-4210-9DD0-997679061AEB}.Release|Any CPU.ActiveCfg = Release|Any CPU
		{A9F3AF31-FF29-4210-9DD0-997679061AEB}.Release|Any CPU.Build.0 = Release|Any CPU
		{7181D94D-3C51-4F3B-9B21-DAA1073F5EF3}.Debug|Any CPU.ActiveCfg = Debug|Any CPU
		{7181D94D-3C51-4F3B-9B21-DAA1073F5EF3}.Debug|Any CPU.Build.0 = Debug|Any CPU
		{7181D94D-3C51-4F3B-9B21-DAA1073F5EF3}.Release|Any CPU.ActiveCfg = Release|Any CPU
		{7181D94D-3C51-4F3B-9B21-DAA1073F5EF3}.Release|Any CPU.Build.0 = Release|Any CPU
		{40A3AFD7-680D-42E3-BE78-B2E3C90305D4}.Debug|Any CPU.ActiveCfg = Debug|Any CPU
		{40A3AFD7-680D-42E3-BE78-B2E3C90305D4}.Debug|Any CPU.Build.0 = Debug|Any CPU
		{40A3AFD7-680D-42E3-BE78-B2E3C90305D4}.Release|Any CPU.ActiveCfg = Release|Any CPU
		{40A3AFD7-680D-42E3-BE78-B2E3C90305D4}.Release|Any CPU.Build.0 = Release|Any CPU
	EndGlobalSection
EndGlobal
